// !$*UTF8*$!
{
	archiveVersion = 1;
	classes = {
	};
	objectVersion = 50;
	objects = {

/* Begin PBXBuildFile section */
		2D1A3EAF20D14FCC003F1ABB /* AppDelegate.swift in Sources */ = {isa = PBXBuildFile; fileRef = 2D1A3EAE20D14FCC003F1ABB /* AppDelegate.swift */; };
		2D1A3EB120D14FCC003F1ABB /* WelcomeController.swift in Sources */ = {isa = PBXBuildFile; fileRef = 2D1A3EB020D14FCC003F1ABB /* WelcomeController.swift */; };
		2D1A3EB720D14FCC003F1ABB /* GetItDone.xcdatamodeld in Sources */ = {isa = PBXBuildFile; fileRef = 2D1A3EB520D14FCC003F1ABB /* GetItDone.xcdatamodeld */; };
		2D1A3EB920D14FCD003F1ABB /* Assets.xcassets in Resources */ = {isa = PBXBuildFile; fileRef = 2D1A3EB820D14FCD003F1ABB /* Assets.xcassets */; };
		2D1A3EBC20D14FCD003F1ABB /* LaunchScreen.storyboard in Resources */ = {isa = PBXBuildFile; fileRef = 2D1A3EBA20D14FCD003F1ABB /* LaunchScreen.storyboard */; };
		2D1A3EC420D1F590003F1ABB /* GDGradient.swift in Sources */ = {isa = PBXBuildFile; fileRef = 2D1A3EC320D1F590003F1ABB /* GDGradient.swift */; };
		2D4C499820D5A3720007B828 /* extension.swift in Sources */ = {isa = PBXBuildFile; fileRef = 2D4C499720D5A3720007B828 /* extension.swift */; };
		2D4C499B20D5AF7E0007B828 /* GDLabel.swift in Sources */ = {isa = PBXBuildFile; fileRef = 2D4C499A20D5AF7E0007B828 /* GDLabel.swift */; };
		2D4C499E20D5B37C0007B828 /* Raleway-v4020-Regular.otf in Resources */ = {isa = PBXBuildFile; fileRef = 2D4C499D20D5B37C0007B828 /* Raleway-v4020-Regular.otf */; };
		2D4C49A020D5B53D0007B828 /* Raleway-v4020-SemiBold.otf in Resources */ = {isa = PBXBuildFile; fileRef = 2D4C499F20D5B53D0007B828 /* Raleway-v4020-SemiBold.otf */; };
		2D4C49A220D5BED40007B828 /* GDButton.swift in Sources */ = {isa = PBXBuildFile; fileRef = 2D4C49A120D5BED40007B828 /* GDButton.swift */; };
		2D4C49A420D5C5710007B828 /* ListController.swift in Sources */ = {isa = PBXBuildFile; fileRef = 2D4C49A320D5C5710007B828 /* ListController.swift */; };
		2D4C49A620D5C70B0007B828 /* GDHeaderView.swift in Sources */ = {isa = PBXBuildFile; fileRef = 2D4C49A520D5C70B0007B828 /* GDHeaderView.swift */; };
		2D4C49A920D5CE2E0007B828 /* optionset.swift in Sources */ = {isa = PBXBuildFile; fileRef = 2D4C49A820D5CE2E0007B828 /* optionset.swift */; };
		2D4C49AB20D6E8CC0007B828 /* protocol.swift in Sources */ = {isa = PBXBuildFile; fileRef = 2D4C49AA20D6E8CC0007B828 /* protocol.swift */; };
/* End PBXBuildFile section */

/* Begin PBXFileReference section */
		2D1A3EAB20D14FCC003F1ABB /* GetItDone.app */ = {isa = PBXFileReference; explicitFileType = wrapper.application; includeInIndex = 0; path = GetItDone.app; sourceTree = BUILT_PRODUCTS_DIR; };
		2D1A3EAE20D14FCC003F1ABB /* AppDelegate.swift */ = {isa = PBXFileReference; lastKnownFileType = sourcecode.swift; path = AppDelegate.swift; sourceTree = "<group>"; };
		2D1A3EB020D14FCC003F1ABB /* WelcomeController.swift */ = {isa = PBXFileReference; lastKnownFileType = sourcecode.swift; path = WelcomeController.swift; sourceTree = "<group>"; };
		2D1A3EB620D14FCC003F1ABB /* GetItDone.xcdatamodel */ = {isa = PBXFileReference; lastKnownFileType = wrapper.xcdatamodel; path = GetItDone.xcdatamodel; sourceTree = "<group>"; };
		2D1A3EB820D14FCD003F1ABB /* Assets.xcassets */ = {isa = PBXFileReference; lastKnownFileType = folder.assetcatalog; path = Assets.xcassets; sourceTree = "<group>"; };
		2D1A3EBB20D14FCD003F1ABB /* Base */ = {isa = PBXFileReference; lastKnownFileType = file.storyboard; name = Base; path = Base.lproj/LaunchScreen.storyboard; sourceTree = "<group>"; };
		2D1A3EBD20D14FCD003F1ABB /* Info.plist */ = {isa = PBXFileReference; lastKnownFileType = text.plist.xml; path = Info.plist; sourceTree = "<group>"; };
		2D1A3EC320D1F590003F1ABB /* GDGradient.swift */ = {isa = PBXFileReference; lastKnownFileType = sourcecode.swift; path = GDGradient.swift; sourceTree = "<group>"; };
		2D4C499720D5A3720007B828 /* extension.swift */ = {isa = PBXFileReference; lastKnownFileType = sourcecode.swift; path = extension.swift; sourceTree = "<group>"; };
		2D4C499A20D5AF7E0007B828 /* GDLabel.swift */ = {isa = PBXFileReference; lastKnownFileType = sourcecode.swift; path = GDLabel.swift; sourceTree = "<group>"; };
		2D4C499D20D5B37C0007B828 /* Raleway-v4020-Regular.otf */ = {isa = PBXFileReference; lastKnownFileType = file; path = "Raleway-v4020-Regular.otf"; sourceTree = "<group>"; };
		2D4C499F20D5B53D0007B828 /* Raleway-v4020-SemiBold.otf */ = {isa = PBXFileReference; lastKnownFileType = file; path = "Raleway-v4020-SemiBold.otf"; sourceTree = "<group>"; };
		2D4C49A120D5BED40007B828 /* GDButton.swift */ = {isa = PBXFileReference; lastKnownFileType = sourcecode.swift; path = GDButton.swift; sourceTree = "<group>"; };
		2D4C49A320D5C5710007B828 /* ListController.swift */ = {isa = PBXFileReference; lastKnownFileType = sourcecode.swift; path = ListController.swift; sourceTree = "<group>"; };
		2D4C49A520D5C70B0007B828 /* GDHeaderView.swift */ = {isa = PBXFileReference; lastKnownFileType = sourcecode.swift; path = GDHeaderView.swift; sourceTree = "<group>"; };
		2D4C49A820D5CE2E0007B828 /* optionset.swift */ = {isa = PBXFileReference; lastKnownFileType = sourcecode.swift; path = optionset.swift; sourceTree = "<group>"; };
		2D4C49AA20D6E8CC0007B828 /* protocol.swift */ = {isa = PBXFileReference; lastKnownFileType = sourcecode.swift; path = protocol.swift; sourceTree = "<group>"; };
/* End PBXFileReference section */

/* Begin PBXFrameworksBuildPhase section */
		2D1A3EA820D14FCC003F1ABB /* Frameworks */ = {
			isa = PBXFrameworksBuildPhase;
			buildActionMask = 2147483647;
			files = (
			);
			runOnlyForDeploymentPostprocessing = 0;
		};
/* End PBXFrameworksBuildPhase section */

/* Begin PBXGroup section */
		2D1A3EA220D14FCC003F1ABB = {
			isa = PBXGroup;
			children = (
				2D1A3EAD20D14FCC003F1ABB /* GetItDone */,
				2D1A3EAC20D14FCC003F1ABB /* Products */,
			);
			sourceTree = "<group>";
		};
		2D1A3EAC20D14FCC003F1ABB /* Products */ = {
			isa = PBXGroup;
			children = (
				2D1A3EAB20D14FCC003F1ABB /* GetItDone.app */,
			);
			name = Products;
			sourceTree = "<group>";
		};
		2D1A3EAD20D14FCC003F1ABB /* GetItDone */ = {
			isa = PBXGroup;
			children = (
				2D1A3EAE20D14FCC003F1ABB /* AppDelegate.swift */,
				2D4C499C20D5B2720007B828 /* fonts */,
				2D4C499620D5A3570007B828 /* extension */,
				2D4C499920D5AF560007B828 /* custom */,
				2D4C49A720D5C8D40007B828 /* controllers */,
				2D1A3EB820D14FCD003F1ABB /* Assets.xcassets */,
				2D1A3EBA20D14FCD003F1ABB /* LaunchScreen.storyboard */,
				2D1A3EBD20D14FCD003F1ABB /* Info.plist */,
				2D1A3EB520D14FCC003F1ABB /* GetItDone.xcdatamodeld */,
			);
			path = GetItDone;
			sourceTree = "<group>";
		};
		2D4C499620D5A3570007B828 /* extension */ = {
			isa = PBXGroup;
			children = (
				2D4C499720D5A3720007B828 /* extension.swift */,
				2D4C49A820D5CE2E0007B828 /* optionset.swift */,
				2D4C49AA20D6E8CC0007B828 /* protocol.swift */,
			);
			path = extension;
			sourceTree = "<group>";
		};
		2D4C499920D5AF560007B828 /* custom */ = {
			isa = PBXGroup;
			children = (
				2D1A3EC320D1F590003F1ABB /* GDGradient.swift */,
				2D4C499A20D5AF7E0007B828 /* GDLabel.swift */,
				2D4C49A120D5BED40007B828 /* GDButton.swift */,
				2D4C49A520D5C70B0007B828 /* GDHeaderView.swift */,
			);
			path = custom;
			sourceTree = "<group>";
		};
		2D4C499C20D5B2720007B828 /* fonts */ = {
			isa = PBXGroup;
			children = (
				2D4C499F20D5B53D0007B828 /* Raleway-v4020-SemiBold.otf */,
				2D4C499D20D5B37C0007B828 /* Raleway-v4020-Regular.otf */,
			);
			path = fonts;
			sourceTree = "<group>";
		};
		2D4C49A720D5C8D40007B828 /* controllers */ = {
			isa = PBXGroup;
			children = (
				2D1A3EB020D14FCC003F1ABB /* WelcomeController.swift */,
				2D4C49A320D5C5710007B828 /* ListController.swift */,
			);
			path = controllers;
			sourceTree = "<group>";
		};
/* End PBXGroup section */

/* Begin PBXNativeTarget section */
		2D1A3EAA20D14FCC003F1ABB /* GetItDone */ = {
			isa = PBXNativeTarget;
			buildConfigurationList = 2D1A3EC020D14FCD003F1ABB /* Build configuration list for PBXNativeTarget "GetItDone" */;
			buildPhases = (
				2D1A3EA720D14FCC003F1ABB /* Sources */,
				2D1A3EA820D14FCC003F1ABB /* Frameworks */,
				2D1A3EA920D14FCC003F1ABB /* Resources */,
			);
			buildRules = (
			);
			dependencies = (
			);
			name = GetItDone;
			productName = GetItDone;
			productReference = 2D1A3EAB20D14FCC003F1ABB /* GetItDone.app */;
			productType = "com.apple.product-type.application";
		};
/* End PBXNativeTarget section */

/* Begin PBXProject section */
		2D1A3EA320D14FCC003F1ABB /* Project object */ = {
			isa = PBXProject;
			attributes = {
				LastSwiftUpdateCheck = 0940;
				LastUpgradeCheck = 0940;
				ORGANIZATIONNAME = YJ;
				TargetAttributes = {
					2D1A3EAA20D14FCC003F1ABB = {
						CreatedOnToolsVersion = 9.4;
					};
				};
			};
			buildConfigurationList = 2D1A3EA620D14FCC003F1ABB /* Build configuration list for PBXProject "GetItDone" */;
			compatibilityVersion = "Xcode 9.3";
			developmentRegion = en;
			hasScannedForEncodings = 0;
			knownRegions = (
				en,
				Base,
			);
			mainGroup = 2D1A3EA220D14FCC003F1ABB;
			productRefGroup = 2D1A3EAC20D14FCC003F1ABB /* Products */;
			projectDirPath = "";
			projectRoot = "";
			targets = (
				2D1A3EAA20D14FCC003F1ABB /* GetItDone */,
			);
		};
/* End PBXProject section */

/* Begin PBXResourcesBuildPhase section */
		2D1A3EA920D14FCC003F1ABB /* Resources */ = {
			isa = PBXResourcesBuildPhase;
			buildActionMask = 2147483647;
			files = (
				2D4C499E20D5B37C0007B828 /* Raleway-v4020-Regular.otf in Resources */,
				2D1A3EBC20D14FCD003F1ABB /* LaunchScreen.storyboard in Resources */,
				2D1A3EB920D14FCD003F1ABB /* Assets.xcassets in Resources */,
				2D4C49A020D5B53D0007B828 /* Raleway-v4020-SemiBold.otf in Resources */,
			);
			runOnlyForDeploymentPostprocessing = 0;
		};
/* End PBXResourcesBuildPhase section */

/* Begin PBXSourcesBuildPhase section */
		2D1A3EA720D14FCC003F1ABB /* Sources */ = {
			isa = PBXSourcesBuildPhase;
			buildActionMask = 2147483647;
			files = (
				2D1A3EC420D1F590003F1ABB /* GDGradient.swift in Sources */,
				2D4C49A220D5BED40007B828 /* GDButton.swift in Sources */,
				2D1A3EB120D14FCC003F1ABB /* WelcomeController.swift in Sources */,
				2D1A3EB720D14FCC003F1ABB /* GetItDone.xcdatamodeld in Sources */,
				2D4C499B20D5AF7E0007B828 /* GDLabel.swift in Sources */,
				2D4C499820D5A3720007B828 /* extension.swift in Sources */,
				2D4C49A620D5C70B0007B828 /* GDHeaderView.swift in Sources */,
				2D4C49A920D5CE2E0007B828 /* optionset.swift in Sources */,
				2D4C49AB20D6E8CC0007B828 /* protocol.swift in Sources */,
				2D1A3EAF20D14FCC003F1ABB /* AppDelegate.swift in Sources */,
				2D4C49A420D5C5710007B828 /* ListController.swift in Sources */,
			);
			runOnlyForDeploymentPostprocessing = 0;
		};
/* End PBXSourcesBuildPhase section */

/* Begin PBXVariantGroup section */
		2D1A3EBA20D14FCD003F1ABB /* LaunchScreen.storyboard */ = {
			isa = PBXVariantGroup;
			children = (
				2D1A3EBB20D14FCD003F1ABB /* Base */,
			);
			name = LaunchScreen.storyboard;
			sourceTree = "<group>";
		};
/* End PBXVariantGroup section */

/* Begin XCBuildConfiguration section */
		2D1A3EBE20D14FCD003F1ABB /* Debug */ = {
			isa = XCBuildConfiguration;
			buildSettings = {
				ALWAYS_SEARCH_USER_PATHS = NO;
				CLANG_ANALYZER_NONNULL = YES;
				CLANG_ANALYZER_NUMBER_OBJECT_CONVERSION = YES_AGGRESSIVE;
				CLANG_CXX_LANGUAGE_STANDARD = "gnu++14";
				CLANG_CXX_LIBRARY = "libc++";
				CLANG_ENABLE_MODULES = YES;
				CLANG_ENABLE_OBJC_ARC = YES;
				CLANG_ENABLE_OBJC_WEAK = YES;
				CLANG_WARN_BLOCK_CAPTURE_AUTORELEASING = YES;
				CLANG_WARN_BOOL_CONVERSION = YES;
				CLANG_WARN_COMMA = YES;
				CLANG_WARN_CONSTANT_CONVERSION = YES;
				CLANG_WARN_DEPRECATED_OBJC_IMPLEMENTATIONS = YES;
				CLANG_WARN_DIRECT_OBJC_ISA_USAGE = YES_ERROR;
				CLANG_WARN_DOCUMENTATION_COMMENTS = YES;
				CLANG_WARN_EMPTY_BODY = YES;
				CLANG_WARN_ENUM_CONVERSION = YES;
				CLANG_WARN_INFINITE_RECURSION = YES;
				CLANG_WARN_INT_CONVERSION = YES;
				CLANG_WARN_NON_LITERAL_NULL_CONVERSION = YES;
				CLANG_WARN_OBJC_IMPLICIT_RETAIN_SELF = YES;
				CLANG_WARN_OBJC_LITERAL_CONVERSION = YES;
				CLANG_WARN_OBJC_ROOT_CLASS = YES_ERROR;
				CLANG_WARN_RANGE_LOOP_ANALYSIS = YES;
				CLANG_WARN_STRICT_PROTOTYPES = YES;
				CLANG_WARN_SUSPICIOUS_MOVE = YES;
				CLANG_WARN_UNGUARDED_AVAILABILITY = YES_AGGRESSIVE;
				CLANG_WARN_UNREACHABLE_CODE = YES;
				CLANG_WARN__DUPLICATE_METHOD_MATCH = YES;
				CODE_SIGN_IDENTITY = "iPhone Developer";
				COPY_PHASE_STRIP = NO;
				DEBUG_INFORMATION_FORMAT = dwarf;
				ENABLE_STRICT_OBJC_MSGSEND = YES;
				ENABLE_TESTABILITY = YES;
				GCC_C_LANGUAGE_STANDARD = gnu11;
				GCC_DYNAMIC_NO_PIC = NO;
				GCC_NO_COMMON_BLOCKS = YES;
				GCC_OPTIMIZATION_LEVEL = 0;
				GCC_PREPROCESSOR_DEFINITIONS = (
					"DEBUG=1",
					"$(inherited)",
				);
				GCC_WARN_64_TO_32_BIT_CONVERSION = YES;
				GCC_WARN_ABOUT_RETURN_TYPE = YES_ERROR;
				GCC_WARN_UNDECLARED_SELECTOR = YES;
				GCC_WARN_UNINITIALIZED_AUTOS = YES_AGGRESSIVE;
				GCC_WARN_UNUSED_FUNCTION = YES;
				GCC_WARN_UNUSED_VARIABLE = YES;
				IPHONEOS_DEPLOYMENT_TARGET = 11.4;
				MTL_ENABLE_DEBUG_INFO = YES;
				ONLY_ACTIVE_ARCH = YES;
				SDKROOT = iphoneos;
				SWIFT_ACTIVE_COMPILATION_CONDITIONS = DEBUG;
				SWIFT_OPTIMIZATION_LEVEL = "-Onone";
			};
			name = Debug;
		};
		2D1A3EBF20D14FCD003F1ABB /* Release */ = {
			isa = XCBuildConfiguration;
			buildSettings = {
				ALWAYS_SEARCH_USER_PATHS = NO;
				CLANG_ANALYZER_NONNULL = YES;
				CLANG_ANALYZER_NUMBER_OBJECT_CONVERSION = YES_AGGRESSIVE;
				CLANG_CXX_LANGUAGE_STANDARD = "gnu++14";
				CLANG_CXX_LIBRARY = "libc++";
				CLANG_ENABLE_MODULES = YES;
				CLANG_ENABLE_OBJC_ARC = YES;
				CLANG_ENABLE_OBJC_WEAK = YES;
				CLANG_WARN_BLOCK_CAPTURE_AUTORELEASING = YES;
				CLANG_WARN_BOOL_CONVERSION = YES;
				CLANG_WARN_COMMA = YES;
				CLANG_WARN_CONSTANT_CONVERSION = YES;
				CLANG_WARN_DEPRECATED_OBJC_IMPLEMENTATIONS = YES;
				CLANG_WARN_DIRECT_OBJC_ISA_USAGE = YES_ERROR;
				CLANG_WARN_DOCUMENTATION_COMMENTS = YES;
				CLANG_WARN_EMPTY_BODY = YES;
				CLANG_WARN_ENUM_CONVERSION = YES;
				CLANG_WARN_INFINITE_RECURSION = YES;
				CLANG_WARN_INT_CONVERSION = YES;
				CLANG_WARN_NON_LITERAL_NULL_CONVERSION = YES;
				CLANG_WARN_OBJC_IMPLICIT_RETAIN_SELF = YES;
				CLANG_WARN_OBJC_LITERAL_CONVERSION = YES;
				CLANG_WARN_OBJC_ROOT_CLASS = YES_ERROR;
				CLANG_WARN_RANGE_LOOP_ANALYSIS = YES;
				CLANG_WARN_STRICT_PROTOTYPES = YES;
				CLANG_WARN_SUSPICIOUS_MOVE = YES;
				CLANG_WARN_UNGUARDED_AVAILABILITY = YES_AGGRESSIVE;
				CLANG_WARN_UNREACHABLE_CODE = YES;
				CLANG_WARN__DUPLICATE_METHOD_MATCH = YES;
				CODE_SIGN_IDENTITY = "iPhone Developer";
				COPY_PHASE_STRIP = NO;
				DEBUG_INFORMATION_FORMAT = "dwarf-with-dsym";
				ENABLE_NS_ASSERTIONS = NO;
				ENABLE_STRICT_OBJC_MSGSEND = YES;
				GCC_C_LANGUAGE_STANDARD = gnu11;
				GCC_NO_COMMON_BLOCKS = YES;
				GCC_WARN_64_TO_32_BIT_CONVERSION = YES;
				GCC_WARN_ABOUT_RETURN_TYPE = YES_ERROR;
				GCC_WARN_UNDECLARED_SELECTOR = YES;
				GCC_WARN_UNINITIALIZED_AUTOS = YES_AGGRESSIVE;
				GCC_WARN_UNUSED_FUNCTION = YES;
				GCC_WARN_UNUSED_VARIABLE = YES;
				IPHONEOS_DEPLOYMENT_TARGET = 11.4;
				MTL_ENABLE_DEBUG_INFO = NO;
				SDKROOT = iphoneos;
				SWIFT_COMPILATION_MODE = wholemodule;
				SWIFT_OPTIMIZATION_LEVEL = "-O";
				VALIDATE_PRODUCT = YES;
			};
			name = Release;
		};
		2D1A3EC120D14FCD003F1ABB /* Debug */ = {
			isa = XCBuildConfiguration;
			buildSettings = {
				ASSETCATALOG_COMPILER_APPICON_NAME = AppIcon;
				CODE_SIGN_STYLE = Automatic;
				DEVELOPMENT_TEAM = L4D3ZDFGNF;
				INFOPLIST_FILE = GetItDone/Info.plist;
				LD_RUNPATH_SEARCH_PATHS = (
					"$(inherited)",
					"@executable_path/Frameworks",
				);
				PRODUCT_BUNDLE_IDENTIFIER = com.damian.GetItDone;
				PRODUCT_NAME = "$(TARGET_NAME)";
				SWIFT_VERSION = 4.0;
				TARGETED_DEVICE_FAMILY = "1,2";
			};
			name = Debug;
		};
		2D1A3EC220D14FCD003F1ABB /* Release */ = {
			isa = XCBuildConfiguration;
			buildSettings = {
				ASSETCATALOG_COMPILER_APPICON_NAME = AppIcon;
				CODE_SIGN_STYLE = Automatic;
				DEVELOPMENT_TEAM = L4D3ZDFGNF;
				INFOPLIST_FILE = GetItDone/Info.plist;
				LD_RUNPATH_SEARCH_PATHS = (
					"$(inherited)",
					"@executable_path/Frameworks",
				);
				PRODUCT_BUNDLE_IDENTIFIER = com.damian.GetItDone;
				PRODUCT_NAME = "$(TARGET_NAME)";
				SWIFT_VERSION = 4.0;
				TARGETED_DEVICE_FAMILY = "1,2";
			};
			name = Release;
		};
/* End XCBuildConfiguration section */

/* Begin XCConfigurationList section */
		2D1A3EA620D14FCC003F1ABB /* Build configuration list for PBXProject "GetItDone" */ = {
			isa = XCConfigurationList;
			buildConfigurations = (
				2D1A3EBE20D14FCD003F1ABB /* Debug */,
				2D1A3EBF20D14FCD003F1ABB /* Release */,
			);
			defaultConfigurationIsVisible = 0;
			defaultConfigurationName = Release;
		};
		2D1A3EC020D14FCD003F1ABB /* Build configuration list for PBXNativeTarget "GetItDone" */ = {
			isa = XCConfigurationList;
			buildConfigurations = (
				2D1A3EC120D14FCD003F1ABB /* Debug */,
				2D1A3EC220D14FCD003F1ABB /* Release */,
			);
			defaultConfigurationIsVisible = 0;
			defaultConfigurationName = Release;
		};
/* End XCConfigurationList section */

/* Begin XCVersionGroup section */
		2D1A3EB520D14FCC003F1ABB /* GetItDone.xcdatamodeld */ = {
			isa = XCVersionGroup;
			children = (
				2D1A3EB620D14FCC003F1ABB /* GetItDone.xcdatamodel */,
			);
			currentVersion = 2D1A3EB620D14FCC003F1ABB /* GetItDone.xcdatamodel */;
			path = GetItDone.xcdatamodeld;
			sourceTree = "<group>";
			versionGroupType = wrapper.xcdatamodel;
		};
/* End XCVersionGroup section */
	};
	rootObject = 2D1A3EA320D14FCC003F1ABB /* Project object */;
}
